
Microsoft Visual Studio Solution File, Format Version 12.00
# Visual Studio 15
VisualStudioVersion = 15.0.28307.539
MinimumVisualStudioVersion = 10.0.40219.1
Project("{FAE04EC0-301F-11D3-BF4B-00C04F79EFBC}") = "SistemaWeb", "SistemaWeb\SistemaWeb.csproj", "{12B83C67-DCF9-4F2E-A4A4-81D68E54E2C3}"
EndProject
Global
	GlobalSection(SolutionConfigurationPlatforms) = preSolution
		Debug|Any CPU = Debug|Any CPU
		Release|Any CPU = Release|Any CPU
	EndGlobalSection
	GlobalSection(ProjectConfigurationPlatforms) = postSolution
		{12B83C67-DCF9-4F2E-A4A4-81D68E54E2C3}.Debug|Any CPU.ActiveCfg = Debug|Any CPU
		{12B83C67-DCF9-4F2E-A4A4-81D68E54E2C3}.Debug|Any CPU.Build.0 = Debug|Any CPU
		{12B83C67-DCF9-4F2E-A4A4-81D68E54E2C3}.Release|Any CPU.ActiveCfg = Release|Any CPU
		{12B83C67-DCF9-4F2E-A4A4-81D68E54E2C3}.Release|Any CPU.Build.0 = Release|Any CPU
	EndGlobalSection
	GlobalSection(SolutionProperties) = preSolution
		HideSolutionNode = FALSE
	EndGlobalSection
	GlobalSection(ExtensibilityGlobals) = postSolution
		SolutionGuid = {28832631-895B-4456-A392-3419F678C7C5}
	EndGlobalSection
EndGlobal
